
Microsoft Visual Studio Solution File, Format Version 12.00
# Visual Studio Version 17
VisualStudioVersion = 17.14.36221.1 d17.14
MinimumVisualStudioVersion = 10.0.40219.1
Project("{FAE04EC0-301F-11D3-BF4B-00C04F79EFBC}") = "twoAPI", "twoAPI\twoAPI.csproj", "{0BB1BB40-F90C-4416-B97D-966B31CB46CE}"
EndProject
Global
	GlobalSection(SolutionConfigurationPlatforms) = preSolution
		Debug|Any CPU = Debug|Any CPU
		Release|Any CPU = Release|Any CPU
	EndGlobalSection
	GlobalSection(ProjectConfigurationPlatforms) = postSolution
		{0BB1BB40-F90C-4416-B97D-966B31CB46CE}.Debug|Any CPU.ActiveCfg = Debug|Any CPU
		{0BB1BB40-F90C-4416-B97D-966B31CB46CE}.Debug|Any CPU.Build.0 = Debug|Any CPU
		{0BB1BB40-F90C-4416-B97D-966B31CB46CE}.Release|Any CPU.ActiveCfg = Release|Any CPU
		{0BB1BB40-F90C-4416-B97D-966B31CB46CE}.Release|Any CPU.Build.0 = Release|Any CPU
	EndGlobalSection
	GlobalSection(SolutionProperties) = preSolution
		HideSolutionNode = FALSE
	EndGlobalSection
	GlobalSection(ExtensibilityGlobals) = postSolution
		SolutionGuid = {A731DADC-8D25-455D-91B3-54F8EFA47F07}
	EndGlobalSection
EndGlobal
